// !$*UTF8*$!
{
	archiveVersion = 1;
	classes = {
	};
	objectVersion = 46;
	objects = {

/* Begin PBXBuildFile section */
		18623D851A172C3C00BC44F1 /* MeTableViewController.swift in Sources */ = {isa = PBXBuildFile; fileRef = 18623D841A172C3C00BC44F1 /* MeTableViewController.swift */; };
		18623D891A172DB500BC44F1 /* QRCodeViewController.swift in Sources */ = {isa = PBXBuildFile; fileRef = 18623D881A172DB500BC44F1 /* QRCodeViewController.swift */; };
		187739B91A145F7400A05745 /* AFHTTPRequestOperation.m in Sources */ = {isa = PBXBuildFile; fileRef = 187739891A145F7400A05745 /* AFHTTPRequestOperation.m */; };
		187739BA1A145F7400A05745 /* AFHTTPRequestOperationManager.m in Sources */ = {isa = PBXBuildFile; fileRef = 1877398B1A145F7400A05745 /* AFHTTPRequestOperationManager.m */; };
		187739BB1A145F7400A05745 /* AFHTTPSessionManager.m in Sources */ = {isa = PBXBuildFile; fileRef = 1877398D1A145F7400A05745 /* AFHTTPSessionManager.m */; };
		187739BC1A145F7400A05745 /* AFNetworkReachabilityManager.m in Sources */ = {isa = PBXBuildFile; fileRef = 187739901A145F7400A05745 /* AFNetworkReachabilityManager.m */; };
		187739BD1A145F7400A05745 /* AFSecurityPolicy.m in Sources */ = {isa = PBXBuildFile; fileRef = 187739921A145F7400A05745 /* AFSecurityPolicy.m */; };
		187739BE1A145F7400A05745 /* AFURLConnectionOperation.m in Sources */ = {isa = PBXBuildFile; fileRef = 187739941A145F7400A05745 /* AFURLConnectionOperation.m */; };
		187739BF1A145F7400A05745 /* AFURLRequestSerialization.m in Sources */ = {isa = PBXBuildFile; fileRef = 187739961A145F7400A05745 /* AFURLRequestSerialization.m */; };
		187739C01A145F7400A05745 /* AFURLResponseSerialization.m in Sources */ = {isa = PBXBuildFile; fileRef = 187739981A145F7400A05745 /* AFURLResponseSerialization.m */; };
		187739C11A145F7400A05745 /* AFURLSessionManager.m in Sources */ = {isa = PBXBuildFile; fileRef = 1877399A1A145F7400A05745 /* AFURLSessionManager.m */; };
		187739D31A145FB300A05745 /* AFnetworkingJS.m in Sources */ = {isa = PBXBuildFile; fileRef = 187739D21A145FB300A05745 /* AFnetworkingJS.m */; };
		187739F81A14909000A05745 /* MKAnnotationView+WebCache.m in Sources */ = {isa = PBXBuildFile; fileRef = 187739D81A14909000A05745 /* MKAnnotationView+WebCache.m */; };
		187739F91A14909000A05745 /* NSData+ImageContentType.m in Sources */ = {isa = PBXBuildFile; fileRef = 187739DA1A14909000A05745 /* NSData+ImageContentType.m */; };
		187739FA1A14909000A05745 /* SDImageCache.m in Sources */ = {isa = PBXBuildFile; fileRef = 187739DC1A14909000A05745 /* SDImageCache.m */; };
		187739FB1A14909000A05745 /* SDWebImageCompat.m in Sources */ = {isa = PBXBuildFile; fileRef = 187739DE1A14909000A05745 /* SDWebImageCompat.m */; };
		187739FC1A14909000A05745 /* SDWebImageDecoder.m in Sources */ = {isa = PBXBuildFile; fileRef = 187739E01A14909000A05745 /* SDWebImageDecoder.m */; };
		187739FD1A14909000A05745 /* SDWebImageDownloader.m in Sources */ = {isa = PBXBuildFile; fileRef = 187739E21A14909000A05745 /* SDWebImageDownloader.m */; };
		187739FE1A14909000A05745 /* SDWebImageDownloaderOperation.m in Sources */ = {isa = PBXBuildFile; fileRef = 187739E41A14909000A05745 /* SDWebImageDownloaderOperation.m */; };
		187739FF1A14909000A05745 /* SDWebImageManager.m in Sources */ = {isa = PBXBuildFile; fileRef = 187739E61A14909000A05745 /* SDWebImageManager.m */; };
		18773A001A14909000A05745 /* SDWebImagePrefetcher.m in Sources */ = {isa = PBXBuildFile; fileRef = 187739E91A14909000A05745 /* SDWebImagePrefetcher.m */; };
		18773A011A14909000A05745 /* UIButton+WebCache.m in Sources */ = {isa = PBXBuildFile; fileRef = 187739EB1A14909000A05745 /* UIButton+WebCache.m */; };
		18773A021A14909000A05745 /* UIImage+GIF.m in Sources */ = {isa = PBXBuildFile; fileRef = 187739ED1A14909000A05745 /* UIImage+GIF.m */; };
		18773A031A14909000A05745 /* UIImage+MultiFormat.m in Sources */ = {isa = PBXBuildFile; fileRef = 187739EF1A14909000A05745 /* UIImage+MultiFormat.m */; };
		18773A041A14909000A05745 /* UIImage+WebP.m in Sources */ = {isa = PBXBuildFile; fileRef = 187739F11A14909000A05745 /* UIImage+WebP.m */; };
		18773A051A14909000A05745 /* UIImageView+HighlightedWebCache.m in Sources */ = {isa = PBXBuildFile; fileRef = 187739F31A14909000A05745 /* UIImageView+HighlightedWebCache.m */; };
		18773A061A14909000A05745 /* UIImageView+WebCache.m in Sources */ = {isa = PBXBuildFile; fileRef = 187739F51A14909000A05745 /* UIImageView+WebCache.m */; };
		18773A071A14909000A05745 /* UIView+WebCacheOperation.m in Sources */ = {isa = PBXBuildFile; fileRef = 187739F71A14909000A05745 /* UIView+WebCacheOperation.m */; };
		18773A091A1495AD00A05745 /* testData1.json in Resources */ = {isa = PBXBuildFile; fileRef = 18773A081A1495AD00A05745 /* testData1.json */; };
		18C5BDF61A19CD9E00CC412A /* MyConcernViewController.swift in Sources */ = {isa = PBXBuildFile; fileRef = 18C5BDF51A19CD9E00CC412A /* MyConcernViewController.swift */; };
		18C5BDFA1A19E11600CC412A /* pinyin.c in Sources */ = {isa = PBXBuildFile; fileRef = 18C5BDF81A19E11600CC412A /* pinyin.c */; };
		18C7D7AF1A15E39F007237AB /* UserDetailViewControllerTableViewController.swift in Sources */ = {isa = PBXBuildFile; fileRef = 18C7D7AE1A15E39F007237AB /* UserDetailViewControllerTableViewController.swift */; };
		BB7208511A0B600100A97FCD /* AppDelegate.swift in Sources */ = {isa = PBXBuildFile; fileRef = BB7208501A0B600100A97FCD /* AppDelegate.swift */; };
		BB7208541A0B600100A97FCD /* VoteAge.xcdatamodeld in Sources */ = {isa = PBXBuildFile; fileRef = BB7208521A0B600100A97FCD /* VoteAge.xcdatamodeld */; };
		BB7208561A0B600100A97FCD /* VoteListViewController.swift in Sources */ = {isa = PBXBuildFile; fileRef = BB7208551A0B600100A97FCD /* VoteListViewController.swift */; };
		BB7208581A0B600100A97FCD /* VoteDetailViewController.swift in Sources */ = {isa = PBXBuildFile; fileRef = BB7208571A0B600100A97FCD /* VoteDetailViewController.swift */; };
		BB72085B1A0B600100A97FCD /* Main.storyboard in Resources */ = {isa = PBXBuildFile; fileRef = BB7208591A0B600100A97FCD /* Main.storyboard */; };
		BB7208601A0B600100A97FCD /* LaunchScreen.xib in Resources */ = {isa = PBXBuildFile; fileRef = BB72085E1A0B600100A97FCD /* LaunchScreen.xib */; };
		BB72086C1A0B600100A97FCD /* VoteAgeTests.swift in Sources */ = {isa = PBXBuildFile; fileRef = BB72086B1A0B600100A97FCD /* VoteAgeTests.swift */; };
		BB7208761A0B7F0300A97FCD /* VoteTableViewCell.swift in Sources */ = {isa = PBXBuildFile; fileRef = BB7208751A0B7F0300A97FCD /* VoteTableViewCell.swift */; };
		BB7208B71A0BA94700A97FCD /* Images.xcassets in Resources */ = {isa = PBXBuildFile; fileRef = BB7208B61A0BA94700A97FCD /* Images.xcassets */; };
		BB7208BB1A0BC6B200A97FCD /* OptionTableViewCell.swift in Sources */ = {isa = PBXBuildFile; fileRef = BB7208BA1A0BC6B100A97FCD /* OptionTableViewCell.swift */; };
/* End PBXBuildFile section */

/* Begin PBXContainerItemProxy section */
		BB7208661A0B600100A97FCD /* PBXContainerItemProxy */ = {
			isa = PBXContainerItemProxy;
			containerPortal = BB7208431A0B600100A97FCD /* Project object */;
			proxyType = 1;
			remoteGlobalIDString = BB72084A1A0B600100A97FCD;
			remoteInfo = VoteAge;
		};
/* End PBXContainerItemProxy section */

/* Begin PBXFileReference section */
		183E1B001A136FA600E45DFA /* VoteAge-Bridging-Header.h */ = {isa = PBXFileReference; lastKnownFileType = sourcecode.c.h; path = "VoteAge-Bridging-Header.h"; sourceTree = "<group>"; };
		18623D841A172C3C00BC44F1 /* MeTableViewController.swift */ = {isa = PBXFileReference; fileEncoding = 4; lastKnownFileType = sourcecode.swift; path = MeTableViewController.swift; sourceTree = "<group>"; };
		18623D881A172DB500BC44F1 /* QRCodeViewController.swift */ = {isa = PBXFileReference; fileEncoding = 4; lastKnownFileType = sourcecode.swift; path = QRCodeViewController.swift; sourceTree = "<group>"; };
		187739881A145F7400A05745 /* AFHTTPRequestOperation.h */ = {isa = PBXFileReference; fileEncoding = 4; lastKnownFileType = sourcecode.c.h; path = AFHTTPRequestOperation.h; sourceTree = "<group>"; };
		187739891A145F7400A05745 /* AFHTTPRequestOperation.m */ = {isa = PBXFileReference; fileEncoding = 4; lastKnownFileType = sourcecode.c.objc; path = AFHTTPRequestOperation.m; sourceTree = "<group>"; };
		1877398A1A145F7400A05745 /* AFHTTPRequestOperationManager.h */ = {isa = PBXFileReference; fileEncoding = 4; lastKnownFileType = sourcecode.c.h; path = AFHTTPRequestOperationManager.h; sourceTree = "<group>"; };
		1877398B1A145F7400A05745 /* AFHTTPRequestOperationManager.m */ = {isa = PBXFileReference; fileEncoding = 4; lastKnownFileType = sourcecode.c.objc; path = AFHTTPRequestOperationManager.m; sourceTree = "<group>"; };
		1877398C1A145F7400A05745 /* AFHTTPSessionManager.h */ = {isa = PBXFileReference; fileEncoding = 4; lastKnownFileType = sourcecode.c.h; path = AFHTTPSessionManager.h; sourceTree = "<group>"; };
		1877398D1A145F7400A05745 /* AFHTTPSessionManager.m */ = {isa = PBXFileReference; fileEncoding = 4; lastKnownFileType = sourcecode.c.objc; path = AFHTTPSessionManager.m; sourceTree = "<group>"; };
		1877398E1A145F7400A05745 /* AFNetworking.h */ = {isa = PBXFileReference; fileEncoding = 4; lastKnownFileType = sourcecode.c.h; path = AFNetworking.h; sourceTree = "<group>"; };
		1877398F1A145F7400A05745 /* AFNetworkReachabilityManager.h */ = {isa = PBXFileReference; fileEncoding = 4; lastKnownFileType = sourcecode.c.h; path = AFNetworkReachabilityManager.h; sourceTree = "<group>"; };
		187739901A145F7400A05745 /* AFNetworkReachabilityManager.m */ = {isa = PBXFileReference; fileEncoding = 4; lastKnownFileType = sourcecode.c.objc; path = AFNetworkReachabilityManager.m; sourceTree = "<group>"; };
		187739911A145F7400A05745 /* AFSecurityPolicy.h */ = {isa = PBXFileReference; fileEncoding = 4; lastKnownFileType = sourcecode.c.h; path = AFSecurityPolicy.h; sourceTree = "<group>"; };
		187739921A145F7400A05745 /* AFSecurityPolicy.m */ = {isa = PBXFileReference; fileEncoding = 4; lastKnownFileType = sourcecode.c.objc; path = AFSecurityPolicy.m; sourceTree = "<group>"; };
		187739931A145F7400A05745 /* AFURLConnectionOperation.h */ = {isa = PBXFileReference; fileEncoding = 4; lastKnownFileType = sourcecode.c.h; path = AFURLConnectionOperation.h; sourceTree = "<group>"; };
		187739941A145F7400A05745 /* AFURLConnectionOperation.m */ = {isa = PBXFileReference; fileEncoding = 4; lastKnownFileType = sourcecode.c.objc; path = AFURLConnectionOperation.m; sourceTree = "<group>"; };
		187739951A145F7400A05745 /* AFURLRequestSerialization.h */ = {isa = PBXFileReference; fileEncoding = 4; lastKnownFileType = sourcecode.c.h; path = AFURLRequestSerialization.h; sourceTree = "<group>"; };
		187739961A145F7400A05745 /* AFURLRequestSerialization.m */ = {isa = PBXFileReference; fileEncoding = 4; lastKnownFileType = sourcecode.c.objc; path = AFURLRequestSerialization.m; sourceTree = "<group>"; };
		187739971A145F7400A05745 /* AFURLResponseSerialization.h */ = {isa = PBXFileReference; fileEncoding = 4; lastKnownFileType = sourcecode.c.h; path = AFURLResponseSerialization.h; sourceTree = "<group>"; };
		187739981A145F7400A05745 /* AFURLResponseSerialization.m */ = {isa = PBXFileReference; fileEncoding = 4; lastKnownFileType = sourcecode.c.objc; path = AFURLResponseSerialization.m; sourceTree = "<group>"; };
		187739991A145F7400A05745 /* AFURLSessionManager.h */ = {isa = PBXFileReference; fileEncoding = 4; lastKnownFileType = sourcecode.c.h; path = AFURLSessionManager.h; sourceTree = "<group>"; };
		1877399A1A145F7400A05745 /* AFURLSessionManager.m */ = {isa = PBXFileReference; fileEncoding = 4; lastKnownFileType = sourcecode.c.objc; path = AFURLSessionManager.m; sourceTree = "<group>"; };
		187739D11A145FB300A05745 /* AFnetworkingJS.h */ = {isa = PBXFileReference; fileEncoding = 4; lastKnownFileType = sourcecode.c.h; path = AFnetworkingJS.h; sourceTree = "<group>"; };
		187739D21A145FB300A05745 /* AFnetworkingJS.m */ = {isa = PBXFileReference; fileEncoding = 4; lastKnownFileType = sourcecode.c.objc; path = AFnetworkingJS.m; sourceTree = "<group>"; };
		187739D71A14909000A05745 /* MKAnnotationView+WebCache.h */ = {isa = PBXFileReference; fileEncoding = 4; lastKnownFileType = sourcecode.c.h; path = "MKAnnotationView+WebCache.h"; sourceTree = "<group>"; };
		187739D81A14909000A05745 /* MKAnnotationView+WebCache.m */ = {isa = PBXFileReference; fileEncoding = 4; lastKnownFileType = sourcecode.c.objc; path = "MKAnnotationView+WebCache.m"; sourceTree = "<group>"; };
		187739D91A14909000A05745 /* NSData+ImageContentType.h */ = {isa = PBXFileReference; fileEncoding = 4; lastKnownFileType = sourcecode.c.h; path = "NSData+ImageContentType.h"; sourceTree = "<group>"; };
		187739DA1A14909000A05745 /* NSData+ImageContentType.m */ = {isa = PBXFileReference; fileEncoding = 4; lastKnownFileType = sourcecode.c.objc; path = "NSData+ImageContentType.m"; sourceTree = "<group>"; };
		187739DB1A14909000A05745 /* SDImageCache.h */ = {isa = PBXFileReference; fileEncoding = 4; lastKnownFileType = sourcecode.c.h; path = SDImageCache.h; sourceTree = "<group>"; };
		187739DC1A14909000A05745 /* SDImageCache.m */ = {isa = PBXFileReference; fileEncoding = 4; lastKnownFileType = sourcecode.c.objc; path = SDImageCache.m; sourceTree = "<group>"; };
		187739DD1A14909000A05745 /* SDWebImageCompat.h */ = {isa = PBXFileReference; fileEncoding = 4; lastKnownFileType = sourcecode.c.h; path = SDWebImageCompat.h; sourceTree = "<group>"; };
		187739DE1A14909000A05745 /* SDWebImageCompat.m */ = {isa = PBXFileReference; fileEncoding = 4; lastKnownFileType = sourcecode.c.objc; path = SDWebImageCompat.m; sourceTree = "<group>"; };
		187739DF1A14909000A05745 /* SDWebImageDecoder.h */ = {isa = PBXFileReference; fileEncoding = 4; lastKnownFileType = sourcecode.c.h; path = SDWebImageDecoder.h; sourceTree = "<group>"; };
		187739E01A14909000A05745 /* SDWebImageDecoder.m */ = {isa = PBXFileReference; fileEncoding = 4; lastKnownFileType = sourcecode.c.objc; path = SDWebImageDecoder.m; sourceTree = "<group>"; };
		187739E11A14909000A05745 /* SDWebImageDownloader.h */ = {isa = PBXFileReference; fileEncoding = 4; lastKnownFileType = sourcecode.c.h; path = SDWebImageDownloader.h; sourceTree = "<group>"; };
		187739E21A14909000A05745 /* SDWebImageDownloader.m */ = {isa = PBXFileReference; fileEncoding = 4; lastKnownFileType = sourcecode.c.objc; path = SDWebImageDownloader.m; sourceTree = "<group>"; };
		187739E31A14909000A05745 /* SDWebImageDownloaderOperation.h */ = {isa = PBXFileReference; fileEncoding = 4; lastKnownFileType = sourcecode.c.h; path = SDWebImageDownloaderOperation.h; sourceTree = "<group>"; };
		187739E41A14909000A05745 /* SDWebImageDownloaderOperation.m */ = {isa = PBXFileReference; fileEncoding = 4; lastKnownFileType = sourcecode.c.objc; path = SDWebImageDownloaderOperation.m; sourceTree = "<group>"; };
		187739E51A14909000A05745 /* SDWebImageManager.h */ = {isa = PBXFileReference; fileEncoding = 4; lastKnownFileType = sourcecode.c.h; path = SDWebImageManager.h; sourceTree = "<group>"; };
		187739E61A14909000A05745 /* SDWebImageManager.m */ = {isa = PBXFileReference; fileEncoding = 4; lastKnownFileType = sourcecode.c.objc; path = SDWebImageManager.m; sourceTree = "<group>"; };
		187739E71A14909000A05745 /* SDWebImageOperation.h */ = {isa = PBXFileReference; fileEncoding = 4; lastKnownFileType = sourcecode.c.h; path = SDWebImageOperation.h; sourceTree = "<group>"; };
		187739E81A14909000A05745 /* SDWebImagePrefetcher.h */ = {isa = PBXFileReference; fileEncoding = 4; lastKnownFileType = sourcecode.c.h; path = SDWebImagePrefetcher.h; sourceTree = "<group>"; };
		187739E91A14909000A05745 /* SDWebImagePrefetcher.m */ = {isa = PBXFileReference; fileEncoding = 4; lastKnownFileType = sourcecode.c.objc; path = SDWebImagePrefetcher.m; sourceTree = "<group>"; };
		187739EA1A14909000A05745 /* UIButton+WebCache.h */ = {isa = PBXFileReference; fileEncoding = 4; lastKnownFileType = sourcecode.c.h; path = "UIButton+WebCache.h"; sourceTree = "<group>"; };
		187739EB1A14909000A05745 /* UIButton+WebCache.m */ = {isa = PBXFileReference; fileEncoding = 4; lastKnownFileType = sourcecode.c.objc; path = "UIButton+WebCache.m"; sourceTree = "<group>"; };
		187739EC1A14909000A05745 /* UIImage+GIF.h */ = {isa = PBXFileReference; fileEncoding = 4; lastKnownFileType = sourcecode.c.h; path = "UIImage+GIF.h"; sourceTree = "<group>"; };
		187739ED1A14909000A05745 /* UIImage+GIF.m */ = {isa = PBXFileReference; fileEncoding = 4; lastKnownFileType = sourcecode.c.objc; path = "UIImage+GIF.m"; sourceTree = "<group>"; };
		187739EE1A14909000A05745 /* UIImage+MultiFormat.h */ = {isa = PBXFileReference; fileEncoding = 4; lastKnownFileType = sourcecode.c.h; path = "UIImage+MultiFormat.h"; sourceTree = "<group>"; };
		187739EF1A14909000A05745 /* UIImage+MultiFormat.m */ = {isa = PBXFileReference; fileEncoding = 4; lastKnownFileType = sourcecode.c.objc; path = "UIImage+MultiFormat.m"; sourceTree = "<group>"; };
		187739F01A14909000A05745 /* UIImage+WebP.h */ = {isa = PBXFileReference; fileEncoding = 4; lastKnownFileType = sourcecode.c.h; path = "UIImage+WebP.h"; sourceTree = "<group>"; };
		187739F11A14909000A05745 /* UIImage+WebP.m */ = {isa = PBXFileReference; fileEncoding = 4; lastKnownFileType = sourcecode.c.objc; path = "UIImage+WebP.m"; sourceTree = "<group>"; };
		187739F21A14909000A05745 /* UIImageView+HighlightedWebCache.h */ = {isa = PBXFileReference; fileEncoding = 4; lastKnownFileType = sourcecode.c.h; path = "UIImageView+HighlightedWebCache.h"; sourceTree = "<group>"; };
		187739F31A14909000A05745 /* UIImageView+HighlightedWebCache.m */ = {isa = PBXFileReference; fileEncoding = 4; lastKnownFileType = sourcecode.c.objc; path = "UIImageView+HighlightedWebCache.m"; sourceTree = "<group>"; };
		187739F41A14909000A05745 /* UIImageView+WebCache.h */ = {isa = PBXFileReference; fileEncoding = 4; lastKnownFileType = sourcecode.c.h; path = "UIImageView+WebCache.h"; sourceTree = "<group>"; };
		187739F51A14909000A05745 /* UIImageView+WebCache.m */ = {isa = PBXFileReference; fileEncoding = 4; lastKnownFileType = sourcecode.c.objc; path = "UIImageView+WebCache.m"; sourceTree = "<group>"; };
		187739F61A14909000A05745 /* UIView+WebCacheOperation.h */ = {isa = PBXFileReference; fileEncoding = 4; lastKnownFileType = sourcecode.c.h; path = "UIView+WebCacheOperation.h"; sourceTree = "<group>"; };
		187739F71A14909000A05745 /* UIView+WebCacheOperation.m */ = {isa = PBXFileReference; fileEncoding = 4; lastKnownFileType = sourcecode.c.objc; path = "UIView+WebCacheOperation.m"; sourceTree = "<group>"; };
		18773A081A1495AD00A05745 /* testData1.json */ = {isa = PBXFileReference; fileEncoding = 4; lastKnownFileType = text.json; path = testData1.json; sourceTree = "<group>"; };
		18C5BDF51A19CD9E00CC412A /* MyConcernViewController.swift */ = {isa = PBXFileReference; fileEncoding = 4; lastKnownFileType = sourcecode.swift; path = MyConcernViewController.swift; sourceTree = "<group>"; };
		18C5BDF81A19E11600CC412A /* pinyin.c */ = {isa = PBXFileReference; fileEncoding = 4; lastKnownFileType = sourcecode.c.c; path = pinyin.c; sourceTree = "<group>"; };
		18C5BDF91A19E11600CC412A /* pinyin.h */ = {isa = PBXFileReference; fileEncoding = 4; lastKnownFileType = sourcecode.c.h; path = pinyin.h; sourceTree = "<group>"; };
		18C7D7AE1A15E39F007237AB /* UserDetailViewControllerTableViewController.swift */ = {isa = PBXFileReference; fileEncoding = 4; lastKnownFileType = sourcecode.swift; path = UserDetailViewControllerTableViewController.swift; sourceTree = "<group>"; };
		BB72084B1A0B600100A97FCD /* VoteAge.app */ = {isa = PBXFileReference; explicitFileType = wrapper.application; includeInIndex = 0; path = VoteAge.app; sourceTree = BUILT_PRODUCTS_DIR; };
		BB72084F1A0B600100A97FCD /* Info.plist */ = {isa = PBXFileReference; lastKnownFileType = text.plist.xml; path = Info.plist; sourceTree = "<group>"; };
		BB7208501A0B600100A97FCD /* AppDelegate.swift */ = {isa = PBXFileReference; lastKnownFileType = sourcecode.swift; path = AppDelegate.swift; sourceTree = "<group>"; };
		BB7208531A0B600100A97FCD /* VoteAge.xcdatamodel */ = {isa = PBXFileReference; lastKnownFileType = wrapper.xcdatamodel; path = VoteAge.xcdatamodel; sourceTree = "<group>"; };
		BB7208551A0B600100A97FCD /* VoteListViewController.swift */ = {isa = PBXFileReference; lastKnownFileType = sourcecode.swift; path = VoteListViewController.swift; sourceTree = "<group>"; };
		BB7208571A0B600100A97FCD /* VoteDetailViewController.swift */ = {isa = PBXFileReference; lastKnownFileType = sourcecode.swift; path = VoteDetailViewController.swift; sourceTree = "<group>"; };
		BB72085A1A0B600100A97FCD /* Base */ = {isa = PBXFileReference; lastKnownFileType = file.storyboard; name = Base; path = Base.lproj/Main.storyboard; sourceTree = "<group>"; };
		BB72085F1A0B600100A97FCD /* Base */ = {isa = PBXFileReference; lastKnownFileType = file.xib; name = Base; path = Base.lproj/LaunchScreen.xib; sourceTree = "<group>"; };
		BB7208651A0B600100A97FCD /* VoteAgeTests.xctest */ = {isa = PBXFileReference; explicitFileType = wrapper.cfbundle; includeInIndex = 0; path = VoteAgeTests.xctest; sourceTree = BUILT_PRODUCTS_DIR; };
		BB72086A1A0B600100A97FCD /* Info.plist */ = {isa = PBXFileReference; lastKnownFileType = text.plist.xml; path = Info.plist; sourceTree = "<group>"; };
		BB72086B1A0B600100A97FCD /* VoteAgeTests.swift */ = {isa = PBXFileReference; lastKnownFileType = sourcecode.swift; path = VoteAgeTests.swift; sourceTree = "<group>"; };
		BB7208751A0B7F0300A97FCD /* VoteTableViewCell.swift */ = {isa = PBXFileReference; fileEncoding = 4; lastKnownFileType = sourcecode.swift; path = VoteTableViewCell.swift; sourceTree = "<group>"; };
		BB7208B61A0BA94700A97FCD /* Images.xcassets */ = {isa = PBXFileReference; lastKnownFileType = folder.assetcatalog; path = Images.xcassets; sourceTree = "<group>"; };
		BB7208BA1A0BC6B100A97FCD /* OptionTableViewCell.swift */ = {isa = PBXFileReference; fileEncoding = 4; lastKnownFileType = sourcecode.swift; path = OptionTableViewCell.swift; sourceTree = "<group>"; };
/* End PBXFileReference section */

/* Begin PBXFrameworksBuildPhase section */
		BB7208481A0B600100A97FCD /* Frameworks */ = {
			isa = PBXFrameworksBuildPhase;
			buildActionMask = 2147483647;
			files = (
			);
			runOnlyForDeploymentPostprocessing = 0;
		};
		BB7208621A0B600100A97FCD /* Frameworks */ = {
			isa = PBXFrameworksBuildPhase;
			buildActionMask = 2147483647;
			files = (
			);
			runOnlyForDeploymentPostprocessing = 0;
		};
/* End PBXFrameworksBuildPhase section */

/* Begin PBXGroup section */
		187739871A145F7400A05745 /* AFNetworking */ = {
			isa = PBXGroup;
			children = (
				187739881A145F7400A05745 /* AFHTTPRequestOperation.h */,
				187739891A145F7400A05745 /* AFHTTPRequestOperation.m */,
				1877398A1A145F7400A05745 /* AFHTTPRequestOperationManager.h */,
				1877398B1A145F7400A05745 /* AFHTTPRequestOperationManager.m */,
				1877398C1A145F7400A05745 /* AFHTTPSessionManager.h */,
				1877398D1A145F7400A05745 /* AFHTTPSessionManager.m */,
				1877398E1A145F7400A05745 /* AFNetworking.h */,
				1877398F1A145F7400A05745 /* AFNetworkReachabilityManager.h */,
				187739901A145F7400A05745 /* AFNetworkReachabilityManager.m */,
				187739911A145F7400A05745 /* AFSecurityPolicy.h */,
				187739921A145F7400A05745 /* AFSecurityPolicy.m */,
				187739931A145F7400A05745 /* AFURLConnectionOperation.h */,
				187739941A145F7400A05745 /* AFURLConnectionOperation.m */,
				187739951A145F7400A05745 /* AFURLRequestSerialization.h */,
				187739961A145F7400A05745 /* AFURLRequestSerialization.m */,
				187739971A145F7400A05745 /* AFURLResponseSerialization.h */,
				187739981A145F7400A05745 /* AFURLResponseSerialization.m */,
				187739991A145F7400A05745 /* AFURLSessionManager.h */,
				1877399A1A145F7400A05745 /* AFURLSessionManager.m */,
			);
			path = AFNetworking;
			sourceTree = "<group>";
		};
		187739D01A145FB300A05745 /* AFJS */ = {
			isa = PBXGroup;
			children = (
				187739D11A145FB300A05745 /* AFnetworkingJS.h */,
				187739D21A145FB300A05745 /* AFnetworkingJS.m */,
			);
			path = AFJS;
			sourceTree = "<group>";
		};
		187739D61A14909000A05745 /* SDWebImage */ = {
			isa = PBXGroup;
			children = (
				187739D71A14909000A05745 /* MKAnnotationView+WebCache.h */,
				187739D81A14909000A05745 /* MKAnnotationView+WebCache.m */,
				187739D91A14909000A05745 /* NSData+ImageContentType.h */,
				187739DA1A14909000A05745 /* NSData+ImageContentType.m */,
				187739DB1A14909000A05745 /* SDImageCache.h */,
				187739DC1A14909000A05745 /* SDImageCache.m */,
				187739DD1A14909000A05745 /* SDWebImageCompat.h */,
				187739DE1A14909000A05745 /* SDWebImageCompat.m */,
				187739DF1A14909000A05745 /* SDWebImageDecoder.h */,
				187739E01A14909000A05745 /* SDWebImageDecoder.m */,
				187739E11A14909000A05745 /* SDWebImageDownloader.h */,
				187739E21A14909000A05745 /* SDWebImageDownloader.m */,
				187739E31A14909000A05745 /* SDWebImageDownloaderOperation.h */,
				187739E41A14909000A05745 /* SDWebImageDownloaderOperation.m */,
				187739E51A14909000A05745 /* SDWebImageManager.h */,
				187739E61A14909000A05745 /* SDWebImageManager.m */,
				187739E71A14909000A05745 /* SDWebImageOperation.h */,
				187739E81A14909000A05745 /* SDWebImagePrefetcher.h */,
				187739E91A14909000A05745 /* SDWebImagePrefetcher.m */,
				187739EA1A14909000A05745 /* UIButton+WebCache.h */,
				187739EB1A14909000A05745 /* UIButton+WebCache.m */,
				187739EC1A14909000A05745 /* UIImage+GIF.h */,
				187739ED1A14909000A05745 /* UIImage+GIF.m */,
				187739EE1A14909000A05745 /* UIImage+MultiFormat.h */,
				187739EF1A14909000A05745 /* UIImage+MultiFormat.m */,
				187739F01A14909000A05745 /* UIImage+WebP.h */,
				187739F11A14909000A05745 /* UIImage+WebP.m */,
				187739F21A14909000A05745 /* UIImageView+HighlightedWebCache.h */,
				187739F31A14909000A05745 /* UIImageView+HighlightedWebCache.m */,
				187739F41A14909000A05745 /* UIImageView+WebCache.h */,
				187739F51A14909000A05745 /* UIImageView+WebCache.m */,
				187739F61A14909000A05745 /* UIView+WebCacheOperation.h */,
				187739F71A14909000A05745 /* UIView+WebCacheOperation.m */,
			);
			path = SDWebImage;
			sourceTree = "<group>";
		};
		18C5BDF71A19E11600CC412A /* pinyin */ = {
			isa = PBXGroup;
			children = (
				18C5BDF81A19E11600CC412A /* pinyin.c */,
				18C5BDF91A19E11600CC412A /* pinyin.h */,
			);
			path = pinyin;
			sourceTree = "<group>";
		};
		BB7208421A0B600100A97FCD = {
			isa = PBXGroup;
			children = (
				BB72084D1A0B600100A97FCD /* VoteAge */,
				18C5BDF71A19E11600CC412A /* pinyin */,
				187739D01A145FB300A05745 /* AFJS */,
				187739871A145F7400A05745 /* AFNetworking */,
				187739D61A14909000A05745 /* SDWebImage */,
				BB7208681A0B600100A97FCD /* VoteAgeTests */,
				BB72084C1A0B600100A97FCD /* Products */,
			);
			sourceTree = "<group>";
		};
		BB72084C1A0B600100A97FCD /* Products */ = {
			isa = PBXGroup;
			children = (
				BB72084B1A0B600100A97FCD /* VoteAge.app */,
				BB7208651A0B600100A97FCD /* VoteAgeTests.xctest */,
			);
			name = Products;
			sourceTree = "<group>";
		};
		BB72084D1A0B600100A97FCD /* VoteAge */ = {
			isa = PBXGroup;
			children = (
				18773A081A1495AD00A05745 /* testData1.json */,
				183E1B001A136FA600E45DFA /* VoteAge-Bridging-Header.h */,
				BB7208501A0B600100A97FCD /* AppDelegate.swift */,
				BB7208551A0B600100A97FCD /* VoteListViewController.swift */,
				BB7208571A0B600100A97FCD /* VoteDetailViewController.swift */,
				18C7D7AE1A15E39F007237AB /* UserDetailViewControllerTableViewController.swift */,
				18623D881A172DB500BC44F1 /* QRCodeViewController.swift */,
				18623D841A172C3C00BC44F1 /* MeTableViewController.swift */,
				18C5BDF51A19CD9E00CC412A /* MyConcernViewController.swift */,
				BB7208BC1A0BC6C700A97FCD /* CustomizedCell */,
				BB7208591A0B600100A97FCD /* Main.storyboard */,
				BB7208B61A0BA94700A97FCD /* Images.xcassets */,
				BB72085E1A0B600100A97FCD /* LaunchScreen.xib */,
				BB7208521A0B600100A97FCD /* VoteAge.xcdatamodeld */,
				BB72084E1A0B600100A97FCD /* Supporting Files */,
			);
			path = VoteAge;
			sourceTree = "<group>";
		};
		BB72084E1A0B600100A97FCD /* Supporting Files */ = {
			isa = PBXGroup;
			children = (
				BB72084F1A0B600100A97FCD /* Info.plist */,
			);
			name = "Supporting Files";
			sourceTree = "<group>";
		};
		BB7208681A0B600100A97FCD /* VoteAgeTests */ = {
			isa = PBXGroup;
			children = (
				BB72086B1A0B600100A97FCD /* VoteAgeTests.swift */,
				BB7208691A0B600100A97FCD /* Supporting Files */,
			);
			path = VoteAgeTests;
			sourceTree = "<group>";
		};
		BB7208691A0B600100A97FCD /* Supporting Files */ = {
			isa = PBXGroup;
			children = (
				BB72086A1A0B600100A97FCD /* Info.plist */,
			);
			name = "Supporting Files";
			sourceTree = "<group>";
		};
		BB7208BC1A0BC6C700A97FCD /* CustomizedCell */ = {
			isa = PBXGroup;
			children = (
				BB7208751A0B7F0300A97FCD /* VoteTableViewCell.swift */,
				BB7208BA1A0BC6B100A97FCD /* OptionTableViewCell.swift */,
			);
			name = CustomizedCell;
			sourceTree = "<group>";
		};
/* End PBXGroup section */

/* Begin PBXNativeTarget section */
		BB72084A1A0B600100A97FCD /* VoteAge */ = {
			isa = PBXNativeTarget;
			buildConfigurationList = BB72086F1A0B600100A97FCD /* Build configuration list for PBXNativeTarget "VoteAge" */;
			buildPhases = (
				BB7208471A0B600100A97FCD /* Sources */,
				BB7208481A0B600100A97FCD /* Frameworks */,
				BB7208491A0B600100A97FCD /* Resources */,
			);
			buildRules = (
			);
			dependencies = (
			);
			name = VoteAge;
			productName = VoteAge;
			productReference = BB72084B1A0B600100A97FCD /* VoteAge.app */;
			productType = "com.apple.product-type.application";
		};
		BB7208641A0B600100A97FCD /* VoteAgeTests */ = {
			isa = PBXNativeTarget;
			buildConfigurationList = BB7208721A0B600100A97FCD /* Build configuration list for PBXNativeTarget "VoteAgeTests" */;
			buildPhases = (
				BB7208611A0B600100A97FCD /* Sources */,
				BB7208621A0B600100A97FCD /* Frameworks */,
				BB7208631A0B600100A97FCD /* Resources */,
			);
			buildRules = (
			);
			dependencies = (
				BB7208671A0B600100A97FCD /* PBXTargetDependency */,
			);
			name = VoteAgeTests;
			productName = VoteAgeTests;
			productReference = BB7208651A0B600100A97FCD /* VoteAgeTests.xctest */;
			productType = "com.apple.product-type.bundle.unit-test";
		};
/* End PBXNativeTarget section */

/* Begin PBXProject section */
		BB7208431A0B600100A97FCD /* Project object */ = {
			isa = PBXProject;
			attributes = {
				LastUpgradeCheck = 0610;
				ORGANIZATIONNAME = azure;
				TargetAttributes = {
					BB72084A1A0B600100A97FCD = {
						CreatedOnToolsVersion = 6.1;
					};
					BB7208641A0B600100A97FCD = {
						CreatedOnToolsVersion = 6.1;
						TestTargetID = BB72084A1A0B600100A97FCD;
					};
				};
			};
			buildConfigurationList = BB7208461A0B600100A97FCD /* Build configuration list for PBXProject "VoteAge" */;
			compatibilityVersion = "Xcode 3.2";
			developmentRegion = English;
			hasScannedForEncodings = 0;
			knownRegions = (
				en,
				Base,
			);
			mainGroup = BB7208421A0B600100A97FCD;
			productRefGroup = BB72084C1A0B600100A97FCD /* Products */;
			projectDirPath = "";
			projectRoot = "";
			targets = (
				BB72084A1A0B600100A97FCD /* VoteAge */,
				BB7208641A0B600100A97FCD /* VoteAgeTests */,
			);
		};
/* End PBXProject section */

/* Begin PBXResourcesBuildPhase section */
		BB7208491A0B600100A97FCD /* Resources */ = {
			isa = PBXResourcesBuildPhase;
			buildActionMask = 2147483647;
			files = (
				BB7208B71A0BA94700A97FCD /* Images.xcassets in Resources */,
				18773A091A1495AD00A05745 /* testData1.json in Resources */,
				BB72085B1A0B600100A97FCD /* Main.storyboard in Resources */,
				BB7208601A0B600100A97FCD /* LaunchScreen.xib in Resources */,
			);
			runOnlyForDeploymentPostprocessing = 0;
		};
		BB7208631A0B600100A97FCD /* Resources */ = {
			isa = PBXResourcesBuildPhase;
			buildActionMask = 2147483647;
			files = (
			);
			runOnlyForDeploymentPostprocessing = 0;
		};
/* End PBXResourcesBuildPhase section */

/* Begin PBXSourcesBuildPhase section */
		BB7208471A0B600100A97FCD /* Sources */ = {
			isa = PBXSourcesBuildPhase;
			buildActionMask = 2147483647;
			files = (
				18773A021A14909000A05745 /* UIImage+GIF.m in Sources */,
				187739BE1A145F7400A05745 /* AFURLConnectionOperation.m in Sources */,
				BB7208BB1A0BC6B200A97FCD /* OptionTableViewCell.swift in Sources */,
				187739B91A145F7400A05745 /* AFHTTPRequestOperation.m in Sources */,
				187739C01A145F7400A05745 /* AFURLResponseSerialization.m in Sources */,
				18773A041A14909000A05745 /* UIImage+WebP.m in Sources */,
				187739F91A14909000A05745 /* NSData+ImageContentType.m in Sources */,
				BB7208511A0B600100A97FCD /* AppDelegate.swift in Sources */,
				187739BD1A145F7400A05745 /* AFSecurityPolicy.m in Sources */,
				187739FC1A14909000A05745 /* SDWebImageDecoder.m in Sources */,
				187739C11A145F7400A05745 /* AFURLSessionManager.m in Sources */,
				18C5BDFA1A19E11600CC412A /* pinyin.c in Sources */,
				18773A011A14909000A05745 /* UIButton+WebCache.m in Sources */,
				187739FF1A14909000A05745 /* SDWebImageManager.m in Sources */,
				BB7208541A0B600100A97FCD /* VoteAge.xcdatamodeld in Sources */,
				18773A061A14909000A05745 /* UIImageView+WebCache.m in Sources */,
				187739BB1A145F7400A05745 /* AFHTTPSessionManager.m in Sources */,
				18623D851A172C3C00BC44F1 /* MeTableViewController.swift in Sources */,
				18C5BDF61A19CD9E00CC412A /* MyConcernViewController.swift in Sources */,
				187739BC1A145F7400A05745 /* AFNetworkReachabilityManager.m in Sources */,
				187739BA1A145F7400A05745 /* AFHTTPRequestOperationManager.m in Sources */,
				18623D891A172DB500BC44F1 /* QRCodeViewController.swift in Sources */,
				187739BF1A145F7400A05745 /* AFURLRequestSerialization.m in Sources */,
				18773A051A14909000A05745 /* UIImageView+HighlightedWebCache.m in Sources */,
				187739FD1A14909000A05745 /* SDWebImageDownloader.m in Sources */,
				18773A001A14909000A05745 /* SDWebImagePrefetcher.m in Sources */,
				187739D31A145FB300A05745 /* AFnetworkingJS.m in Sources */,
				187739FA1A14909000A05745 /* SDImageCache.m in Sources */,
				187739FE1A14909000A05745 /* SDWebImageDownloaderOperation.m in Sources */,
				BB7208561A0B600100A97FCD /* VoteListViewController.swift in Sources */,
				187739F81A14909000A05745 /* MKAnnotationView+WebCache.m in Sources */,
				18773A031A14909000A05745 /* UIImage+MultiFormat.m in Sources */,
				18773A071A14909000A05745 /* UIView+WebCacheOperation.m in Sources */,
				187739FB1A14909000A05745 /* SDWebImageCompat.m in Sources */,
				18C7D7AF1A15E39F007237AB /* UserDetailViewControllerTableViewController.swift in Sources */,
				BB7208761A0B7F0300A97FCD /* VoteTableViewCell.swift in Sources */,
				BB7208581A0B600100A97FCD /* VoteDetailViewController.swift in Sources */,
			);
			runOnlyForDeploymentPostprocessing = 0;
		};
		BB7208611A0B600100A97FCD /* Sources */ = {
			isa = PBXSourcesBuildPhase;
			buildActionMask = 2147483647;
			files = (
				BB72086C1A0B600100A97FCD /* VoteAgeTests.swift in Sources */,
			);
			runOnlyForDeploymentPostprocessing = 0;
		};
/* End PBXSourcesBuildPhase section */

/* Begin PBXTargetDependency section */
		BB7208671A0B600100A97FCD /* PBXTargetDependency */ = {
			isa = PBXTargetDependency;
			target = BB72084A1A0B600100A97FCD /* VoteAge */;
			targetProxy = BB7208661A0B600100A97FCD /* PBXContainerItemProxy */;
		};
/* End PBXTargetDependency section */

/* Begin PBXVariantGroup section */
		BB7208591A0B600100A97FCD /* Main.storyboard */ = {
			isa = PBXVariantGroup;
			children = (
				BB72085A1A0B600100A97FCD /* Base */,
			);
			name = Main.storyboard;
			sourceTree = "<group>";
		};
		BB72085E1A0B600100A97FCD /* LaunchScreen.xib */ = {
			isa = PBXVariantGroup;
			children = (
				BB72085F1A0B600100A97FCD /* Base */,
			);
			name = LaunchScreen.xib;
			sourceTree = "<group>";
		};
/* End PBXVariantGroup section */

/* Begin XCBuildConfiguration section */
		BB72086D1A0B600100A97FCD /* Debug */ = {
			isa = XCBuildConfiguration;
			buildSettings = {
				ALWAYS_SEARCH_USER_PATHS = NO;
				CLANG_CXX_LANGUAGE_STANDARD = "gnu++0x";
				CLANG_CXX_LIBRARY = "libc++";
				CLANG_ENABLE_MODULES = YES;
				CLANG_ENABLE_OBJC_ARC = YES;
				CLANG_WARN_BOOL_CONVERSION = YES;
				CLANG_WARN_CONSTANT_CONVERSION = YES;
				CLANG_WARN_DIRECT_OBJC_ISA_USAGE = YES_ERROR;
				CLANG_WARN_EMPTY_BODY = YES;
				CLANG_WARN_ENUM_CONVERSION = YES;
				CLANG_WARN_INT_CONVERSION = YES;
				CLANG_WARN_OBJC_ROOT_CLASS = YES_ERROR;
				CLANG_WARN_UNREACHABLE_CODE = YES;
				CLANG_WARN__DUPLICATE_METHOD_MATCH = YES;
				"CODE_SIGN_IDENTITY[sdk=iphoneos*]" = "iPhone Developer";
				COPY_PHASE_STRIP = NO;
				ENABLE_STRICT_OBJC_MSGSEND = YES;
				GCC_C_LANGUAGE_STANDARD = gnu99;
				GCC_DYNAMIC_NO_PIC = NO;
				GCC_OPTIMIZATION_LEVEL = 0;
				GCC_PREPROCESSOR_DEFINITIONS = (
					"DEBUG=1",
					"$(inherited)",
				);
				GCC_SYMBOLS_PRIVATE_EXTERN = NO;
				GCC_WARN_64_TO_32_BIT_CONVERSION = YES;
				GCC_WARN_ABOUT_RETURN_TYPE = YES_ERROR;
				GCC_WARN_UNDECLARED_SELECTOR = YES;
				GCC_WARN_UNINITIALIZED_AUTOS = YES_AGGRESSIVE;
				GCC_WARN_UNUSED_FUNCTION = YES;
				GCC_WARN_UNUSED_VARIABLE = YES;
				IPHONEOS_DEPLOYMENT_TARGET = 7.0;
				MTL_ENABLE_DEBUG_INFO = YES;
				ONLY_ACTIVE_ARCH = YES;
				SDKROOT = iphoneos;
				SWIFT_OPTIMIZATION_LEVEL = "-Onone";
			};
			name = Debug;
		};
		BB72086E1A0B600100A97FCD /* Release */ = {
			isa = XCBuildConfiguration;
			buildSettings = {
				ALWAYS_SEARCH_USER_PATHS = NO;
				CLANG_CXX_LANGUAGE_STANDARD = "gnu++0x";
				CLANG_CXX_LIBRARY = "libc++";
				CLANG_ENABLE_MODULES = YES;
				CLANG_ENABLE_OBJC_ARC = YES;
				CLANG_WARN_BOOL_CONVERSION = YES;
				CLANG_WARN_CONSTANT_CONVERSION = YES;
				CLANG_WARN_DIRECT_OBJC_ISA_USAGE = YES_ERROR;
				CLANG_WARN_EMPTY_BODY = YES;
				CLANG_WARN_ENUM_CONVERSION = YES;
				CLANG_WARN_INT_CONVERSION = YES;
				CLANG_WARN_OBJC_ROOT_CLASS = YES_ERROR;
				CLANG_WARN_UNREACHABLE_CODE = YES;
				CLANG_WARN__DUPLICATE_METHOD_MATCH = YES;
				"CODE_SIGN_IDENTITY[sdk=iphoneos*]" = "iPhone Developer";
				COPY_PHASE_STRIP = YES;
				ENABLE_NS_ASSERTIONS = NO;
				ENABLE_STRICT_OBJC_MSGSEND = YES;
				GCC_C_LANGUAGE_STANDARD = gnu99;
				GCC_WARN_64_TO_32_BIT_CONVERSION = YES;
				GCC_WARN_ABOUT_RETURN_TYPE = YES_ERROR;
				GCC_WARN_UNDECLARED_SELECTOR = YES;
				GCC_WARN_UNINITIALIZED_AUTOS = YES_AGGRESSIVE;
				GCC_WARN_UNUSED_FUNCTION = YES;
				GCC_WARN_UNUSED_VARIABLE = YES;
				IPHONEOS_DEPLOYMENT_TARGET = 7.0;
				MTL_ENABLE_DEBUG_INFO = NO;
				SDKROOT = iphoneos;
				VALIDATE_PRODUCT = YES;
			};
			name = Release;
		};
		BB7208701A0B600100A97FCD /* Debug */ = {
			isa = XCBuildConfiguration;
			buildSettings = {
				ASSETCATALOG_COMPILER_APPICON_NAME = AppIcon;
				INFOPLIST_FILE = VoteAge/Info.plist;
				IPHONEOS_DEPLOYMENT_TARGET = 8.0;
				LD_RUNPATH_SEARCH_PATHS = "$(inherited) @executable_path/Frameworks";
				PRODUCT_NAME = "$(TARGET_NAME)";
				SWIFT_INSTALL_OBJC_HEADER = YES;
				SWIFT_OBJC_BRIDGING_HEADER = "VoteAge/VoteAge-Bridging-Header.h";
				TARGETED_DEVICE_FAMILY = 1;
			};
			name = Debug;
		};
		BB7208711A0B600100A97FCD /* Release */ = {
			isa = XCBuildConfiguration;
			buildSettings = {
				ASSETCATALOG_COMPILER_APPICON_NAME = AppIcon;
				INFOPLIST_FILE = VoteAge/Info.plist;
				IPHONEOS_DEPLOYMENT_TARGET = 8.0;
				LD_RUNPATH_SEARCH_PATHS = "$(inherited) @executable_path/Frameworks";
				PRODUCT_NAME = "$(TARGET_NAME)";
				SWIFT_INSTALL_OBJC_HEADER = YES;
				SWIFT_OBJC_BRIDGING_HEADER = "VoteAge/VoteAge-Bridging-Header.h";
				TARGETED_DEVICE_FAMILY = 1;
			};
			name = Release;
		};
		BB7208731A0B600100A97FCD /* Debug */ = {
			isa = XCBuildConfiguration;
			buildSettings = {
				BUNDLE_LOADER = "$(TEST_HOST)";
				FRAMEWORK_SEARCH_PATHS = (
					"$(SDKROOT)/Developer/Library/Frameworks",
					"$(inherited)",
				);
				GCC_PREPROCESSOR_DEFINITIONS = (
					"DEBUG=1",
					"$(inherited)",
				);
				INFOPLIST_FILE = VoteAgeTests/Info.plist;
				LD_RUNPATH_SEARCH_PATHS = "$(inherited) @executable_path/Frameworks @loader_path/Frameworks";
				PRODUCT_NAME = "$(TARGET_NAME)";
				TEST_HOST = "$(BUILT_PRODUCTS_DIR)/VoteAge.app/VoteAge";
			};
			name = Debug;
		};
		BB7208741A0B600100A97FCD /* Release */ = {
			isa = XCBuildConfiguration;
			buildSettings = {
				BUNDLE_LOADER = "$(TEST_HOST)";
				FRAMEWORK_SEARCH_PATHS = (
					"$(SDKROOT)/Developer/Library/Frameworks",
					"$(inherited)",
				);
				INFOPLIST_FILE = VoteAgeTests/Info.plist;
				LD_RUNPATH_SEARCH_PATHS = "$(inherited) @executable_path/Frameworks @loader_path/Frameworks";
				PRODUCT_NAME = "$(TARGET_NAME)";
				TEST_HOST = "$(BUILT_PRODUCTS_DIR)/VoteAge.app/VoteAge";
			};
			name = Release;
		};
/* End XCBuildConfiguration section */

/* Begin XCConfigurationList section */
		BB7208461A0B600100A97FCD /* Build configuration list for PBXProject "VoteAge" */ = {
			isa = XCConfigurationList;
			buildConfigurations = (
				BB72086D1A0B600100A97FCD /* Debug */,
				BB72086E1A0B600100A97FCD /* Release */,
			);
			defaultConfigurationIsVisible = 0;
			defaultConfigurationName = Release;
		};
		BB72086F1A0B600100A97FCD /* Build configuration list for PBXNativeTarget "VoteAge" */ = {
			isa = XCConfigurationList;
			buildConfigurations = (
				BB7208701A0B600100A97FCD /* Debug */,
				BB7208711A0B600100A97FCD /* Release */,
			);
			defaultConfigurationIsVisible = 0;
			defaultConfigurationName = Release;
		};
		BB7208721A0B600100A97FCD /* Build configuration list for PBXNativeTarget "VoteAgeTests" */ = {
			isa = XCConfigurationList;
			buildConfigurations = (
				BB7208731A0B600100A97FCD /* Debug */,
				BB7208741A0B600100A97FCD /* Release */,
			);
			defaultConfigurationIsVisible = 0;
			defaultConfigurationName = Release;
		};
/* End XCConfigurationList section */

/* Begin XCVersionGroup section */
		BB7208521A0B600100A97FCD /* VoteAge.xcdatamodeld */ = {
			isa = XCVersionGroup;
			children = (
				BB7208531A0B600100A97FCD /* VoteAge.xcdatamodel */,
			);
			currentVersion = BB7208531A0B600100A97FCD /* VoteAge.xcdatamodel */;
			path = VoteAge.xcdatamodeld;
			sourceTree = "<group>";
			versionGroupType = wrapper.xcdatamodel;
		};
/* End XCVersionGroup section */
	};
	rootObject = BB7208431A0B600100A97FCD /* Project object */;
}
